# This file is automatically @generated by Poetry 1.8.3 and should not be changed by hand.

[[package]]
name = "certifi"
version = "2024.7.4"
description = "Python package for providing Mozilla's CA Bundle."
optional = false
python-versions = ">=3.6"
files = [
    {file = "certifi-2024.7.4-py3-none-any.whl", hash = "sha256:c198e21b1289c2ab85ee4e67bb4b4ef3ead0892059901a8d5b622f24a1101e90"},
    {file = "certifi-2024.7.4.tar.gz", hash = "sha256:5a1e7645bc0ec61a09e26c36f6106dd4cf40c6db3a1fb6352b0244e7fb057c7b"},
]

[package.source]
type = "legacy"
url = "https://mirrors.aliyun.com/pypi/simple"
reference = "aliyun for china users"

[[package]]
name = "sentry-sdk"
version = "2.7.1"
description = "Python client for Sentry (https://sentry.io)"
optional = false
python-versions = ">=3.6"
files = [
    {file = "sentry_sdk-2.7.1-py2.py3-none-any.whl", hash = "sha256:ef1b3d54eb715825657cd4bb3cb42bb4dc85087bac14c56b0fd8c21abd968c9a"},
    {file = "sentry_sdk-2.7.1.tar.gz", hash = "sha256:25006c7e68b75aaa5e6b9c6a420ece22e8d7daec4b7a906ffd3a8607b67c037b"},
]

[package.dependencies]
certifi = "*"
urllib3 = ">=1.26.11"

[package.extras]
aiohttp = ["aiohttp (>=3.5)"]
anthropic = ["anthropic (>=0.16)"]
arq = ["arq (>=0.23)"]
asyncpg = ["asyncpg (>=0.23)"]
beam = ["apache-beam (>=2.12)"]
bottle = ["bottle (>=0.12.13)"]
celery = ["celery (>=3)"]
celery-redbeat = ["celery-redbeat (>=2)"]
chalice = ["chalice (>=1.16.0)"]
clickhouse-driver = ["clickhouse-driver (>=0.2.0)"]
django = ["django (>=1.8)"]
falcon = ["falcon (>=1.4)"]
fastapi = ["fastapi (>=0.79.0)"]
flask = ["blinker (>=1.1)", "flask (>=0.11)", "markupsafe"]
grpcio = ["grpcio (>=1.21.1)", "protobuf (>=3.8.0)"]
httpx = ["httpx (>=0.16.0)"]
huey = ["huey (>=2)"]
huggingface-hub = ["huggingface-hub (>=0.22)"]
langchain = ["langchain (>=0.0.210)"]
loguru = ["loguru (>=0.5)"]
openai = ["openai (>=1.0.0)", "tiktoken (>=0.3.0)"]
opentelemetry = ["opentelemetry-distro (>=0.35b0)"]
opentelemetry-experimental = ["opentelemetry-instrumentation-aio-pika (==0.46b0)", "opentelemetry-instrumentation-aiohttp-client (==0.46b0)", "opentelemetry-instrumentation-aiopg (==0.46b0)", "opentelemetry-instrumentation-asgi (==0.46b0)", "opentelemetry-instrumentation-asyncio (==0.46b0)", "opentelemetry-instrumentation-asyncpg (==0.46b0)", "opentelemetry-instrumentation-aws-lambda (==0.46b0)", "opentelemetry-instrumentation-boto (==0.46b0)", "opentelemetry-instrumentation-boto3sqs (==0.46b0)", "opentelemetry-instrumentation-botocore (==0.46b0)", "opentelemetry-instrumentation-cassandra (==0.46b0)", "opentelemetry-instrumentation-celery (==0.46b0)", "opentelemetry-instrumentation-confluent-kafka (==0.46b0)", "opentelemetry-instrumentation-dbapi (==0.46b0)", "opentelemetry-instrumentation-django (==0.46b0)", "opentelemetry-instrumentation-elasticsearch (==0.46b0)", "opentelemetry-instrumentation-falcon (==0.46b0)", "opentelemetry-instrumentation-fastapi (==0.46b0)", "opentelemetry-instrumentation-flask (==0.46b0)", "opentelemetry-instrumentation-grpc (==0.46b0)", "opentelemetry-instrumentation-httpx (==0.46b0)", "opentelemetry-instrumentation-jinja2 (==0.46b0)", "opentelemetry-instrumentation-kafka-python (==0.46b0)", "opentelemetry-instrumentation-logging (==0.46b0)", "opentelemetry-instrumentation-mysql (==0.46b0)", "opentelemetry-instrumentation-mysqlclient (==0.46b0)", "opentelemetry-instrumentation-pika (==0.46b0)", "opentelemetry-instrumentation-psycopg (==0.46b0)", "opentelemetry-instrumentation-psycopg2 (==0.46b0)", "opentelemetry-instrumentation-pymemcache (==0.46b0)", "opentelemetry-instrumentation-pymongo (==0.46b0)", "opentelemetry-instrumentation-pymysql (==0.46b0)", "opentelemetry-instrumentation-pyramid (==0.46b0)", "opentelemetry-instrumentation-redis (==0.46b0)", "opentelemetry-instrumentation-remoulade (==0.46b0)", "opentelemetry-instrumentation-requests (==0.46b0)", "opentelemetry-instrumentation-sklearn (==0.46b0)", "opentelemetry-instrumentation-sqlalchemy (==0.46b0)", "opentelemetry-instrumentation-sqlite3 (==0.46b0)", "opentelemetry-instrumentation-starlette (==0.46b0)", "opentelemetry-instrumentation-system-metrics (==0.46b0)", "opentelemetry-instrumentation-threading (==0.46b0)", "opentelemetry-instrumentation-tornado (==0.46b0)", "opentelemetry-instrumentation-tortoiseorm (==0.46b0)", "opentelemetry-instrumentation-urllib (==0.46b0)", "opentelemetry-instrumentation-urllib3 (==0.46b0)", "opentelemetry-instrumentation-wsgi (==0.46b0)"]
pure-eval = ["asttokens", "executing", "pure-eval"]
pymongo = ["pymongo (>=3.1)"]
pyspark = ["pyspark (>=2.4.4)"]
quart = ["blinker (>=1.1)", "quart (>=0.16.1)"]
rq = ["rq (>=0.6)"]
sanic = ["sanic (>=0.8)"]
sqlalchemy = ["sqlalchemy (>=1.2)"]
starlette = ["starlette (>=0.19.1)"]
starlite = ["starlite (>=1.48)"]
tornado = ["tornado (>=6)"]

[package.source]
type = "legacy"
url = "https://mirrors.aliyun.com/pypi/simple"
reference = "aliyun for china users"

[[package]]
name = "structlog"
version = "24.1.0"
description = "Structured Logging for Python"
optional = false
python-versions = ">=3.8"
files = [
    {file = "structlog-24.1.0-py3-none-any.whl", hash = "sha256:3f6efe7d25fab6e86f277713c218044669906537bb717c1807a09d46bca0714d"},
    {file = "structlog-24.1.0.tar.gz", hash = "sha256:41a09886e4d55df25bdcb9b5c9674bccfab723ff43e0a86a1b7b236be8e57b16"},
]

[package.extras]
dev = ["structlog[tests,typing]"]
docs = ["furo", "myst-parser", "sphinx", "sphinx-notfound-page", "sphinxcontrib-mermaid", "sphinxext-opengraph", "twisted"]
tests = ["freezegun (>=0.2.8)", "pretend", "pytest (>=6.0)", "pytest-asyncio (>=0.17)", "simplejson"]
typing = ["mypy (>=1.4)", "rich", "twisted"]

[package.source]
type = "legacy"
url = "https://mirrors.aliyun.com/pypi/simple"
reference = "aliyun for china users"

[[package]]
name = "structlog-sentry"
version = "2.1.0"
description = "Sentry integration for structlog"
optional = false
python-versions = ">=3.7,<4.0"
files = [
    {file = "structlog_sentry-2.1.0-py3-none-any.whl", hash = "sha256:8f631fc4cf9890f8ea368f057861b62ceef30dd75726a85706869807926e22d0"},
    {file = "structlog_sentry-2.1.0.tar.gz", hash = "sha256:ee4fb04a381f25570017dd26345ea15b6461cbf87ae0a315e20ddd822ad4256b"},
]

[package.dependencies]
sentry-sdk = "*"
structlog = "*"

[package.source]
type = "legacy"
url = "https://mirrors.aliyun.com/pypi/simple"
reference = "aliyun for china users"

[[package]]
name = "urllib3"
version = "2.2.2"
description = "HTTP library with thread-safe connection pooling, file post, and more."
optional = false
python-versions = ">=3.8"
files = [
    {file = "urllib3-2.2.2-py3-none-any.whl", hash = "sha256:a448b2f64d686155468037e1ace9f2d2199776e17f0a46610480d311f73e3472"},
    {file = "urllib3-2.2.2.tar.gz", hash = "sha256:dd505485549a7a552833da5e6063639d0d177c04f23bc3864e41e5dc5f612168"},
]

[package.extras]
brotli = ["brotli (>=1.0.9)", "brotlicffi (>=0.8.0)"]
h2 = ["h2 (>=4,<5)"]
socks = ["pysocks (>=1.5.6,!=1.5.7,<2.0)"]
zstd = ["zstandard (>=0.18.0)"]

[package.source]
type = "legacy"
url = "https://mirrors.aliyun.com/pypi/simple"
reference = "aliyun for china users"

[metadata]
lock-version = "2.0"
python-versions = ">3.9,<3.11"
content-hash = "e829c283b79984a397a5e382533502111a20cc7e918d73a63fe6e519bb7db28d"
